
Microsoft Visual Studio Solution File, Format Version 10.00
# Visual Studio 2008
Project("{FAE04EC0-301F-11D3-BF4B-00C04F79EFBC}") = "MetroFrameworkUI2008", "MetroFrameworkUI\MetroFrameworkUI2008.csproj", "{F9AC0ED6-0FBA-42E8-9594-81B7B26A75D1}"
EndProject
Global
	GlobalSection(SolutionConfigurationPlatforms) = preSolution
		Debug|Any CPU = Debug|Any CPU
		Release|Any CPU = Release|Any CPU
	EndGlobalSection
	GlobalSection(ProjectConfigurationPlatforms) = postSolution
		{F9AC0ED6-0FBA-42E8-9594-81B7B26A75D1}.Debug|Any CPU.ActiveCfg = Debug|Any CPU
		{F9AC0ED6-0FBA-42E8-9594-81B7B26A75D1}.Debug|Any CPU.Build.0 = Debug|Any CPU
		{F9AC0ED6-0FBA-42E8-9594-81B7B26A75D1}.Release|Any CPU.ActiveCfg = Release|Any CPU
		{F9AC0ED6-0FBA-42E8-9594-81B7B26A75D1}.Release|Any CPU.Build.0 = Release|Any CPU
	EndGlobalSection
	GlobalSection(SolutionProperties) = preSolution
		HideSolutionNode = FALSE
	EndGlobalSection
EndGlobal
